// !$*UTF8*$!
{
	archiveVersion = 1;
	classes = {
	};
	objectVersion = 46;
	objects = {

/* Begin PBXBuildFile section */
		6EBFDAA71F32DC1F00ED7962 /* Assets.xcassets in Resources */ = {isa = PBXBuildFile; fileRef = 6EBFDAA61F32DC1F00ED7962 /* Assets.xcassets */; };
		81811DD81F2FEF4B00BAC319 /* AppDelegate.swift in Sources */ = {isa = PBXBuildFile; fileRef = 81811DD71F2FEF4B00BAC319 /* AppDelegate.swift */; };
		81811DDD1F2FEF4B00BAC319 /* Main.storyboard in Resources */ = {isa = PBXBuildFile; fileRef = 81811DDB1F2FEF4B00BAC319 /* Main.storyboard */; };
		81811DE21F2FEF4B00BAC319 /* LaunchScreen.storyboard in Resources */ = {isa = PBXBuildFile; fileRef = 81811DE01F2FEF4B00BAC319 /* LaunchScreen.storyboard */; };
		81811DEA1F2FEF9400BAC319 /* MainTableViewController.swift in Sources */ = {isa = PBXBuildFile; fileRef = 81811DE91F2FEF9400BAC319 /* MainTableViewController.swift */; };
		81811DEC1F2FEFB400BAC319 /* MainTableViewCell.swift in Sources */ = {isa = PBXBuildFile; fileRef = 81811DEB1F2FEFB400BAC319 /* MainTableViewCell.swift */; };
		81811DF21F2FF60D00BAC319 /* DetailViewController.swift in Sources */ = {isa = PBXBuildFile; fileRef = 81811DF11F2FF60D00BAC319 /* DetailViewController.swift */; };
		81811DF41F31316100BAC319 /* CadastroViewController.swift in Sources */ = {isa = PBXBuildFile; fileRef = 81811DF31F31316100BAC319 /* CadastroViewController.swift */; };
		81811DF61F31328700BAC319 /* PlayerDataSource.swift in Sources */ = {isa = PBXBuildFile; fileRef = 81811DF51F31328700BAC319 /* PlayerDataSource.swift */; };
		81D710E41F328D5500EA4598 /* ModelPersist.xcdatamodeld in Sources */ = {isa = PBXBuildFile; fileRef = 81D710E21F328D5500EA4598 /* ModelPersist.xcdatamodeld */; };
		81D710E61F32972B00EA4598 /* PlayerModel.swift in Sources */ = {isa = PBXBuildFile; fileRef = 81D710E51F32972B00EA4598 /* PlayerModel.swift */; };
		81D710E81F32A47600EA4598 /* CadastroViewControllerDelegate.swift in Sources */ = {isa = PBXBuildFile; fileRef = 81D710E71F32A47600EA4598 /* CadastroViewControllerDelegate.swift */; };
/* End PBXBuildFile section */

/* Begin PBXFileReference section */
		6EBFDAA61F32DC1F00ED7962 /* Assets.xcassets */ = {isa = PBXFileReference; lastKnownFileType = folder.assetcatalog; path = Assets.xcassets; sourceTree = "<group>"; };
		81811DD41F2FEF4A00BAC319 /* HelloTableView.app */ = {isa = PBXFileReference; explicitFileType = wrapper.application; includeInIndex = 0; path = HelloTableView.app; sourceTree = BUILT_PRODUCTS_DIR; };
		81811DD71F2FEF4B00BAC319 /* AppDelegate.swift */ = {isa = PBXFileReference; lastKnownFileType = sourcecode.swift; path = AppDelegate.swift; sourceTree = "<group>"; };
		81811DDC1F2FEF4B00BAC319 /* Base */ = {isa = PBXFileReference; lastKnownFileType = file.storyboard; name = Base; path = Base.lproj/Main.storyboard; sourceTree = "<group>"; };
		81811DE11F2FEF4B00BAC319 /* Base */ = {isa = PBXFileReference; lastKnownFileType = file.storyboard; name = Base; path = Base.lproj/LaunchScreen.storyboard; sourceTree = "<group>"; };
		81811DE31F2FEF4B00BAC319 /* Info.plist */ = {isa = PBXFileReference; lastKnownFileType = text.plist.xml; path = Info.plist; sourceTree = "<group>"; };
		81811DE91F2FEF9400BAC319 /* MainTableViewController.swift */ = {isa = PBXFileReference; fileEncoding = 4; lastKnownFileType = sourcecode.swift; path = MainTableViewController.swift; sourceTree = "<group>"; };
		81811DEB1F2FEFB400BAC319 /* MainTableViewCell.swift */ = {isa = PBXFileReference; fileEncoding = 4; lastKnownFileType = sourcecode.swift; path = MainTableViewCell.swift; sourceTree = "<group>"; };
		81811DF11F2FF60D00BAC319 /* DetailViewController.swift */ = {isa = PBXFileReference; fileEncoding = 4; lastKnownFileType = sourcecode.swift; path = DetailViewController.swift; sourceTree = "<group>"; };
		81811DF31F31316100BAC319 /* CadastroViewController.swift */ = {isa = PBXFileReference; fileEncoding = 4; lastKnownFileType = sourcecode.swift; path = CadastroViewController.swift; sourceTree = "<group>"; };
		81811DF51F31328700BAC319 /* PlayerDataSource.swift */ = {isa = PBXFileReference; fileEncoding = 4; lastKnownFileType = sourcecode.swift; path = PlayerDataSource.swift; sourceTree = "<group>"; };
		81D710E31F328D5500EA4598 /* ModelPersist.xcdatamodel */ = {isa = PBXFileReference; lastKnownFileType = wrapper.xcdatamodel; path = ModelPersist.xcdatamodel; sourceTree = "<group>"; };
		81D710E51F32972B00EA4598 /* PlayerModel.swift */ = {isa = PBXFileReference; fileEncoding = 4; lastKnownFileType = sourcecode.swift; path = PlayerModel.swift; sourceTree = "<group>"; };
		81D710E71F32A47600EA4598 /* CadastroViewControllerDelegate.swift */ = {isa = PBXFileReference; fileEncoding = 4; lastKnownFileType = sourcecode.swift; path = CadastroViewControllerDelegate.swift; sourceTree = "<group>"; };
/* End PBXFileReference section */

/* Begin PBXFrameworksBuildPhase section */
		81811DD11F2FEF4A00BAC319 /* Frameworks */ = {
			isa = PBXFrameworksBuildPhase;
			buildActionMask = 2147483647;
			files = (
			);
			runOnlyForDeploymentPostprocessing = 0;
		};
/* End PBXFrameworksBuildPhase section */

/* Begin PBXGroup section */
		81811DCB1F2FEF4A00BAC319 = {
			isa = PBXGroup;
			children = (
				81811DD61F2FEF4A00BAC319 /* HelloTableView */,
				81811DD51F2FEF4A00BAC319 /* Products */,
			);
			sourceTree = "<group>";
		};
		81811DD51F2FEF4A00BAC319 /* Products */ = {
			isa = PBXGroup;
			children = (
				81811DD41F2FEF4A00BAC319 /* HelloTableView.app */,
			);
			name = Products;
			sourceTree = "<group>";
		};
		81811DD61F2FEF4A00BAC319 /* HelloTableView */ = {
			isa = PBXGroup;
			children = (
				6EBFDAA61F32DC1F00ED7962 /* Assets.xcassets */,
				81811DD71F2FEF4B00BAC319 /* AppDelegate.swift */,
				81811DE31F2FEF4B00BAC319 /* Info.plist */,
				81D710EB1F32A75100EA4598 /* storyBoards */,
				81D710EA1F32A73B00EA4598 /* dataSource */,
				81D710E91F32A4C200EA4598 /* Cadastro */,
				81811DED1F2FEFC700BAC319 /* Main */,
				81811DF11F2FF60D00BAC319 /* DetailViewController.swift */,
			);
			path = HelloTableView;
			sourceTree = "<group>";
		};
		81811DED1F2FEFC700BAC319 /* Main */ = {
			isa = PBXGroup;
			children = (
				81811DE91F2FEF9400BAC319 /* MainTableViewController.swift */,
				81811DEB1F2FEFB400BAC319 /* MainTableViewCell.swift */,
			);
			name = Main;
			sourceTree = "<group>";
		};
		81D710E91F32A4C200EA4598 /* Cadastro */ = {
			isa = PBXGroup;
			children = (
				81811DF31F31316100BAC319 /* CadastroViewController.swift */,
				81D710E71F32A47600EA4598 /* CadastroViewControllerDelegate.swift */,
			);
			name = Cadastro;
			sourceTree = "<group>";
		};
		81D710EA1F32A73B00EA4598 /* dataSource */ = {
			isa = PBXGroup;
			children = (
				81D710E21F328D5500EA4598 /* ModelPersist.xcdatamodeld */,
				81811DF51F31328700BAC319 /* PlayerDataSource.swift */,
				81D710E51F32972B00EA4598 /* PlayerModel.swift */,
			);
			name = dataSource;
			sourceTree = "<group>";
		};
		81D710EB1F32A75100EA4598 /* storyBoards */ = {
			isa = PBXGroup;
			children = (
				81811DDB1F2FEF4B00BAC319 /* Main.storyboard */,
				81811DE01F2FEF4B00BAC319 /* LaunchScreen.storyboard */,
			);
			name = storyBoards;
			sourceTree = "<group>";
		};
/* End PBXGroup section */

/* Begin PBXNativeTarget section */
		81811DD31F2FEF4A00BAC319 /* HelloTableView */ = {
			isa = PBXNativeTarget;
			buildConfigurationList = 81811DE61F2FEF4B00BAC319 /* Build configuration list for PBXNativeTarget "HelloTableView" */;
			buildPhases = (
				81811DD01F2FEF4A00BAC319 /* Sources */,
				81811DD11F2FEF4A00BAC319 /* Frameworks */,
				81811DD21F2FEF4A00BAC319 /* Resources */,
			);
			buildRules = (
			);
			dependencies = (
			);
			name = HelloTableView;
			productName = HelloTableView;
			productReference = 81811DD41F2FEF4A00BAC319 /* HelloTableView.app */;
			productType = "com.apple.product-type.application";
		};
/* End PBXNativeTarget section */

/* Begin PBXProject section */
		81811DCC1F2FEF4A00BAC319 /* Project object */ = {
			isa = PBXProject;
			attributes = {
				LastSwiftUpdateCheck = 0830;
				LastUpgradeCheck = 0830;
				ORGANIZATIONNAME = Treinamento;
				TargetAttributes = {
					81811DD31F2FEF4A00BAC319 = {
						CreatedOnToolsVersion = 8.3.3;
						ProvisioningStyle = Automatic;
					};
				};
			};
			buildConfigurationList = 81811DCF1F2FEF4A00BAC319 /* Build configuration list for PBXProject "HelloTableView" */;
			compatibilityVersion = "Xcode 3.2";
			developmentRegion = English;
			hasScannedForEncodings = 0;
			knownRegions = (
				en,
				Base,
			);
			mainGroup = 81811DCB1F2FEF4A00BAC319;
			productRefGroup = 81811DD51F2FEF4A00BAC319 /* Products */;
			projectDirPath = "";
			projectRoot = "";
			targets = (
				81811DD31F2FEF4A00BAC319 /* HelloTableView */,
			);
		};
/* End PBXProject section */

/* Begin PBXResourcesBuildPhase section */
		81811DD21F2FEF4A00BAC319 /* Resources */ = {
			isa = PBXResourcesBuildPhase;
			buildActionMask = 2147483647;
			files = (
				81811DE21F2FEF4B00BAC319 /* LaunchScreen.storyboard in Resources */,
				6EBFDAA71F32DC1F00ED7962 /* Assets.xcassets in Resources */,
				81811DDD1F2FEF4B00BAC319 /* Main.storyboard in Resources */,
			);
			runOnlyForDeploymentPostprocessing = 0;
		};
/* End PBXResourcesBuildPhase section */

/* Begin PBXSourcesBuildPhase section */
		81811DD01F2FEF4A00BAC319 /* Sources */ = {
			isa = PBXSourcesBuildPhase;
			buildActionMask = 2147483647;
			files = (
				81811DF61F31328700BAC319 /* PlayerDataSource.swift in Sources */,
				81811DF41F31316100BAC319 /* CadastroViewController.swift in Sources */,
				81D710E61F32972B00EA4598 /* PlayerModel.swift in Sources */,
				81D710E41F328D5500EA4598 /* ModelPersist.xcdatamodeld in Sources */,
				81811DEA1F2FEF9400BAC319 /* MainTableViewController.swift in Sources */,
				81811DF21F2FF60D00BAC319 /* DetailViewController.swift in Sources */,
				81D710E81F32A47600EA4598 /* CadastroViewControllerDelegate.swift in Sources */,
				81811DEC1F2FEFB400BAC319 /* MainTableViewCell.swift in Sources */,
				81811DD81F2FEF4B00BAC319 /* AppDelegate.swift in Sources */,
			);
			runOnlyForDeploymentPostprocessing = 0;
		};
/* End PBXSourcesBuildPhase section */

/* Begin PBXVariantGroup section */
		81811DDB1F2FEF4B00BAC319 /* Main.storyboard */ = {
			isa = PBXVariantGroup;
			children = (
				81811DDC1F2FEF4B00BAC319 /* Base */,
			);
			name = Main.storyboard;
			sourceTree = "<group>";
		};
		81811DE01F2FEF4B00BAC319 /* LaunchScreen.storyboard */ = {
			isa = PBXVariantGroup;
			children = (
				81811DE11F2FEF4B00BAC319 /* Base */,
			);
			name = LaunchScreen.storyboard;
			sourceTree = "<group>";
		};
/* End PBXVariantGroup section */

/* Begin XCBuildConfiguration section */
		81811DE41F2FEF4B00BAC319 /* Debug */ = {
			isa = XCBuildConfiguration;
			buildSettings = {
				ALWAYS_SEARCH_USER_PATHS = NO;
				CLANG_ANALYZER_NONNULL = YES;
				CLANG_ANALYZER_NUMBER_OBJECT_CONVERSION = YES_AGGRESSIVE;
				CLANG_CXX_LANGUAGE_STANDARD = "gnu++0x";
				CLANG_CXX_LIBRARY = "libc++";
				CLANG_ENABLE_MODULES = YES;
				CLANG_ENABLE_OBJC_ARC = YES;
				CLANG_WARN_BOOL_CONVERSION = YES;
				CLANG_WARN_CONSTANT_CONVERSION = YES;
				CLANG_WARN_DIRECT_OBJC_ISA_USAGE = YES_ERROR;
				CLANG_WARN_DOCUMENTATION_COMMENTS = YES;
				CLANG_WARN_EMPTY_BODY = YES;
				CLANG_WARN_ENUM_CONVERSION = YES;
				CLANG_WARN_INFINITE_RECURSION = YES;
				CLANG_WARN_INT_CONVERSION = YES;
				CLANG_WARN_OBJC_ROOT_CLASS = YES_ERROR;
				CLANG_WARN_SUSPICIOUS_MOVE = YES;
				CLANG_WARN_UNREACHABLE_CODE = YES;
				CLANG_WARN__DUPLICATE_METHOD_MATCH = YES;
				"CODE_SIGN_IDENTITY[sdk=iphoneos*]" = "iPhone Developer";
				COPY_PHASE_STRIP = NO;
				DEBUG_INFORMATION_FORMAT = dwarf;
				ENABLE_STRICT_OBJC_MSGSEND = YES;
				ENABLE_TESTABILITY = YES;
				GCC_C_LANGUAGE_STANDARD = gnu99;
				GCC_DYNAMIC_NO_PIC = NO;
				GCC_NO_COMMON_BLOCKS = YES;
				GCC_OPTIMIZATION_LEVEL = 0;
				GCC_PREPROCESSOR_DEFINITIONS = (
					"DEBUG=1",
					"$(inherited)",
				);
				GCC_WARN_64_TO_32_BIT_CONVERSION = YES;
				GCC_WARN_ABOUT_RETURN_TYPE = YES_ERROR;
				GCC_WARN_UNDECLARED_SELECTOR = YES;
				GCC_WARN_UNINITIALIZED_AUTOS = YES_AGGRESSIVE;
				GCC_WARN_UNUSED_FUNCTION = YES;
				GCC_WARN_UNUSED_VARIABLE = YES;
				IPHONEOS_DEPLOYMENT_TARGET = 10.3;
				MTL_ENABLE_DEBUG_INFO = YES;
				ONLY_ACTIVE_ARCH = YES;
				SDKROOT = iphoneos;
				SWIFT_ACTIVE_COMPILATION_CONDITIONS = DEBUG;
				SWIFT_OPTIMIZATION_LEVEL = "-Onone";
				TARGETED_DEVICE_FAMILY = "1,2";
			};
			name = Debug;
		};
		81811DE51F2FEF4B00BAC319 /* Release */ = {
			isa = XCBuildConfiguration;
			buildSettings = {
				ALWAYS_SEARCH_USER_PATHS = NO;
				CLANG_ANALYZER_NONNULL = YES;
				CLANG_ANALYZER_NUMBER_OBJECT_CONVERSION = YES_AGGRESSIVE;
				CLANG_CXX_LANGUAGE_STANDARD = "gnu++0x";
				CLANG_CXX_LIBRARY = "libc++";
				CLANG_ENABLE_MODULES = YES;
				CLANG_ENABLE_OBJC_ARC = YES;
				CLANG_WARN_BOOL_CONVERSION = YES;
				CLANG_WARN_CONSTANT_CONVERSION = YES;
				CLANG_WARN_DIRECT_OBJC_ISA_USAGE = YES_ERROR;
				CLANG_WARN_DOCUMENTATION_COMMENTS = YES;
				CLANG_WARN_EMPTY_BODY = YES;
				CLANG_WARN_ENUM_CONVERSION = YES;
				CLANG_WARN_INFINITE_RECURSION = YES;
				CLANG_WARN_INT_CONVERSION = YES;
				CLANG_WARN_OBJC_ROOT_CLASS = YES_ERROR;
				CLANG_WARN_SUSPICIOUS_MOVE = YES;
				CLANG_WARN_UNREACHABLE_CODE = YES;
				CLANG_WARN__DUPLICATE_METHOD_MATCH = YES;
				"CODE_SIGN_IDENTITY[sdk=iphoneos*]" = "iPhone Developer";
				COPY_PHASE_STRIP = NO;
				DEBUG_INFORMATION_FORMAT = "dwarf-with-dsym";
				ENABLE_NS_ASSERTIONS = NO;
				ENABLE_STRICT_OBJC_MSGSEND = YES;
				GCC_C_LANGUAGE_STANDARD = gnu99;
				GCC_NO_COMMON_BLOCKS = YES;
				GCC_WARN_64_TO_32_BIT_CONVERSION = YES;
				GCC_WARN_ABOUT_RETURN_TYPE = YES_ERROR;
				GCC_WARN_UNDECLARED_SELECTOR = YES;
				GCC_WARN_UNINITIALIZED_AUTOS = YES_AGGRESSIVE;
				GCC_WARN_UNUSED_FUNCTION = YES;
				GCC_WARN_UNUSED_VARIABLE = YES;
				IPHONEOS_DEPLOYMENT_TARGET = 10.3;
				MTL_ENABLE_DEBUG_INFO = NO;
				SDKROOT = iphoneos;
				SWIFT_OPTIMIZATION_LEVEL = "-Owholemodule";
				TARGETED_DEVICE_FAMILY = "1,2";
				VALIDATE_PRODUCT = YES;
			};
			name = Release;
		};
		81811DE71F2FEF4B00BAC319 /* Debug */ = {
			isa = XCBuildConfiguration;
			buildSettings = {
				ASSETCATALOG_COMPILER_APPICON_NAME = AppIcon;
				INFOPLIST_FILE = HelloTableView/Info.plist;
				LD_RUNPATH_SEARCH_PATHS = "$(inherited) @executable_path/Frameworks";
				PRODUCT_BUNDLE_IDENTIFIER = Test.HelloTableView;
				PRODUCT_NAME = "$(TARGET_NAME)";
				SWIFT_VERSION = 3.0;
			};
			name = Debug;
		};
		81811DE81F2FEF4B00BAC319 /* Release */ = {
			isa = XCBuildConfiguration;
			buildSettings = {
				ASSETCATALOG_COMPILER_APPICON_NAME = AppIcon;
				INFOPLIST_FILE = HelloTableView/Info.plist;
				LD_RUNPATH_SEARCH_PATHS = "$(inherited) @executable_path/Frameworks";
				PRODUCT_BUNDLE_IDENTIFIER = Test.HelloTableView;
				PRODUCT_NAME = "$(TARGET_NAME)";
				SWIFT_VERSION = 3.0;
			};
			name = Release;
		};
/* End XCBuildConfiguration section */

/* Begin XCConfigurationList section */
		81811DCF1F2FEF4A00BAC319 /* Build configuration list for PBXProject "HelloTableView" */ = {
			isa = XCConfigurationList;
			buildConfigurations = (
				81811DE41F2FEF4B00BAC319 /* Debug */,
				81811DE51F2FEF4B00BAC319 /* Release */,
			);
			defaultConfigurationIsVisible = 0;
			defaultConfigurationName = Release;
		};
		81811DE61F2FEF4B00BAC319 /* Build configuration list for PBXNativeTarget "HelloTableView" */ = {
			isa = XCConfigurationList;
			buildConfigurations = (
				81811DE71F2FEF4B00BAC319 /* Debug */,
				81811DE81F2FEF4B00BAC319 /* Release */,
			);
			defaultConfigurationIsVisible = 0;
			defaultConfigurationName = Release;
		};
/* End XCConfigurationList section */

/* Begin XCVersionGroup section */
		81D710E21F328D5500EA4598 /* ModelPersist.xcdatamodeld */ = {
			isa = XCVersionGroup;
			children = (
				81D710E31F328D5500EA4598 /* ModelPersist.xcdatamodel */,
			);
			currentVersion = 81D710E31F328D5500EA4598 /* ModelPersist.xcdatamodel */;
			path = ModelPersist.xcdatamodeld;
			sourceTree = "<group>";
			versionGroupType = wrapper.xcdatamodel;
		};
/* End XCVersionGroup section */
	};
	rootObject = 81811DCC1F2FEF4A00BAC319 /* Project object */;
}
